
Microsoft Visual Studio Solution File, Format Version 12.00
# Visual Studio Version 17
VisualStudioVersion = 17.9.34728.123
MinimumVisualStudioVersion = 10.0.40219.1
Project("{8BC9CEB8-8B4A-11D0-8D11-00A0C91BC942}") = "driver-execute", "driver-hyde\driver-execute.vcxproj", "{4C4C54E5-C199-4146-B5D7-FDDC9FE74066}"
EndProject
Project("{8BC9CEB8-8B4A-11D0-8D11-00A0C91BC942}") = "DriverMapper", "GDRVLoader-master\GDRVLoader.vcxproj", "{C2F662DB-3ED6-47EE-A331-2EBE11AA36C3}"
EndProject
Project("{8BC9CEB8-8B4A-11D0-8D11-00A0C91BC942}") = "um", "dayz\dayz.vcxproj", "{408B9E7F-A20F-49BC-AF1D-4D1365EEEED6}"
EndProject
Project("{8BC9CEB8-8B4A-11D0-8D11-00A0C91BC942}") = "PsViewRoutines", "PsHook\PsHook.vcxproj", "{9B9CBBB4-E317-4928-B691-B95806FE8313}"
EndProject
Project("{8BC9CEB8-8B4A-11D0-8D11-00A0C91BC942}") = "DisableCallback", "DisableKernelCallback\DisableCallback.vcxproj", "{54CA4F3C-8D45-43F2-912A-873BBC04A879}"
EndProject
Global
	GlobalSection(SolutionConfigurationPlatforms) = preSolution
		Debug|ARM = Debug|ARM
		Debug|ARM64 = Debug|ARM64
		Debug|x64 = Debug|x64
		Debug|x86 = Debug|x86
		Release|ARM = Release|ARM
		Release|ARM64 = Release|ARM64
		Release|x64 = Release|x64
		Release|x86 = Release|x86
	EndGlobalSection
	GlobalSection(ProjectConfigurationPlatforms) = postSolution
		{4C4C54E5-C199-4146-B5D7-FDDC9FE74066}.Debug|ARM.ActiveCfg = Debug|x64
		{4C4C54E5-C199-4146-B5D7-FDDC9FE74066}.Debug|ARM.Build.0 = Debug|x64
		{4C4C54E5-C199-4146-B5D7-FDDC9FE74066}.Debug|ARM64.ActiveCfg = Debug|x64
		{4C4C54E5-C199-4146-B5D7-FDDC9FE74066}.Debug|ARM64.Build.0 = Debug|x64
		{4C4C54E5-C199-4146-B5D7-FDDC9FE74066}.Debug|x64.ActiveCfg = Debug|x64
		{4C4C54E5-C199-4146-B5D7-FDDC9FE74066}.Debug|x64.Build.0 = Debug|x64
		{4C4C54E5-C199-4146-B5D7-FDDC9FE74066}.Debug|x86.ActiveCfg = Debug|Win32
		{4C4C54E5-C199-4146-B5D7-FDDC9FE74066}.Debug|x86.Build.0 = Debug|Win32
		{4C4C54E5-C199-4146-B5D7-FDDC9FE74066}.Release|ARM.ActiveCfg = Release|x64
		{4C4C54E5-C199-4146-B5D7-FDDC9FE74066}.Release|ARM.Build.0 = Release|x64
		{4C4C54E5-C199-4146-B5D7-FDDC9FE74066}.Release|ARM64.ActiveCfg = Release|x64
		{4C4C54E5-C199-4146-B5D7-FDDC9FE74066}.Release|ARM64.Build.0 = Release|x64
		{4C4C54E5-C199-4146-B5D7-FDDC9FE74066}.Release|x64.ActiveCfg = Release|x64
		{4C4C54E5-C199-4146-B5D7-FDDC9FE74066}.Release|x64.Build.0 = Release|x64
		{4C4C54E5-C199-4146-B5D7-FDDC9FE74066}.Release|x86.ActiveCfg = Release|Win32
		{4C4C54E5-C199-4146-B5D7-FDDC9FE74066}.Release|x86.Build.0 = Release|Win32
		{C2F662DB-3ED6-47EE-A331-2EBE11AA36C3}.Debug|ARM.ActiveCfg = Debug|x64
		{C2F662DB-3ED6-47EE-A331-2EBE11AA36C3}.Debug|ARM.Build.0 = Debug|x64
		{C2F662DB-3ED6-47EE-A331-2EBE11AA36C3}.Debug|ARM64.ActiveCfg = Debug|x64
		{C2F662DB-3ED6-47EE-A331-2EBE11AA36C3}.Debug|ARM64.Build.0 = Debug|x64
		{C2F662DB-3ED6-47EE-A331-2EBE11AA36C3}.Debug|x64.ActiveCfg = Debug|x64
		{C2F662DB-3ED6-47EE-A331-2EBE11AA36C3}.Debug|x64.Build.0 = Debug|x64
		{C2F662DB-3ED6-47EE-A331-2EBE11AA36C3}.Debug|x86.ActiveCfg = Debug|x64
		{C2F662DB-3ED6-47EE-A331-2EBE11AA36C3}.Debug|x86.Build.0 = Debug|x64
		{C2F662DB-3ED6-47EE-A331-2EBE11AA36C3}.Release|ARM.ActiveCfg = Release|x64
		{C2F662DB-3ED6-47EE-A331-2EBE11AA36C3}.Release|ARM.Build.0 = Release|x64
		{C2F662DB-3ED6-47EE-A331-2EBE11AA36C3}.Release|ARM64.ActiveCfg = Release|x64
		{C2F662DB-3ED6-47EE-A331-2EBE11AA36C3}.Release|ARM64.Build.0 = Release|x64
		{C2F662DB-3ED6-47EE-A331-2EBE11AA36C3}.Release|x64.ActiveCfg = Release|x64
		{C2F662DB-3ED6-47EE-A331-2EBE11AA36C3}.Release|x64.Build.0 = Release|x64
		{C2F662DB-3ED6-47EE-A331-2EBE11AA36C3}.Release|x86.ActiveCfg = Release|x64
		{C2F662DB-3ED6-47EE-A331-2EBE11AA36C3}.Release|x86.Build.0 = Release|x64
		{408B9E7F-A20F-49BC-AF1D-4D1365EEEED6}.Debug|ARM.ActiveCfg = Debug|x64
		{408B9E7F-A20F-49BC-AF1D-4D1365EEEED6}.Debug|ARM.Build.0 = Debug|x64
		{408B9E7F-A20F-49BC-AF1D-4D1365EEEED6}.Debug|ARM64.ActiveCfg = Debug|x64
		{408B9E7F-A20F-49BC-AF1D-4D1365EEEED6}.Debug|ARM64.Build.0 = Debug|x64
		{408B9E7F-A20F-49BC-AF1D-4D1365EEEED6}.Debug|x64.ActiveCfg = Debug|x64
		{408B9E7F-A20F-49BC-AF1D-4D1365EEEED6}.Debug|x64.Build.0 = Debug|x64
		{408B9E7F-A20F-49BC-AF1D-4D1365EEEED6}.Debug|x86.ActiveCfg = Debug|Win32
		{408B9E7F-A20F-49BC-AF1D-4D1365EEEED6}.Debug|x86.Build.0 = Debug|Win32
		{408B9E7F-A20F-49BC-AF1D-4D1365EEEED6}.Release|ARM.ActiveCfg = Release|x64
		{408B9E7F-A20F-49BC-AF1D-4D1365EEEED6}.Release|ARM.Build.0 = Release|x64
		{408B9E7F-A20F-49BC-AF1D-4D1365EEEED6}.Release|ARM64.ActiveCfg = Release|x64
		{408B9E7F-A20F-49BC-AF1D-4D1365EEEED6}.Release|ARM64.Build.0 = Release|x64
		{408B9E7F-A20F-49BC-AF1D-4D1365EEEED6}.Release|x64.ActiveCfg = Release|x64
		{408B9E7F-A20F-49BC-AF1D-4D1365EEEED6}.Release|x64.Build.0 = Release|x64
		{408B9E7F-A20F-49BC-AF1D-4D1365EEEED6}.Release|x86.ActiveCfg = Release|Win32
		{408B9E7F-A20F-49BC-AF1D-4D1365EEEED6}.Release|x86.Build.0 = Release|Win32
		{9B9CBBB4-E317-4928-B691-B95806FE8313}.Debug|ARM.ActiveCfg = Debug|x64
		{9B9CBBB4-E317-4928-B691-B95806FE8313}.Debug|ARM.Build.0 = Debug|x64
		{9B9CBBB4-E317-4928-B691-B95806FE8313}.Debug|ARM.Deploy.0 = Debug|x64
		{9B9CBBB4-E317-4928-B691-B95806FE8313}.Debug|ARM64.ActiveCfg = Debug|ARM64
		{9B9CBBB4-E317-4928-B691-B95806FE8313}.Debug|ARM64.Build.0 = Debug|ARM64
		{9B9CBBB4-E317-4928-B691-B95806FE8313}.Debug|ARM64.Deploy.0 = Debug|ARM64
		{9B9CBBB4-E317-4928-B691-B95806FE8313}.Debug|x64.ActiveCfg = Debug|x64
		{9B9CBBB4-E317-4928-B691-B95806FE8313}.Debug|x64.Build.0 = Debug|x64
		{9B9CBBB4-E317-4928-B691-B95806FE8313}.Debug|x64.Deploy.0 = Debug|x64
		{9B9CBBB4-E317-4928-B691-B95806FE8313}.Debug|x86.ActiveCfg = Debug|x64
		{9B9CBBB4-E317-4928-B691-B95806FE8313}.Debug|x86.Build.0 = Debug|x64
		{9B9CBBB4-E317-4928-B691-B95806FE8313}.Debug|x86.Deploy.0 = Debug|x64
		{9B9CBBB4-E317-4928-B691-B95806FE8313}.Release|ARM.ActiveCfg = Release|x64
		{9B9CBBB4-E317-4928-B691-B95806FE8313}.Release|ARM.Build.0 = Release|x64
		{9B9CBBB4-E317-4928-B691-B95806FE8313}.Release|ARM.Deploy.0 = Release|x64
		{9B9CBBB4-E317-4928-B691-B95806FE8313}.Release|ARM64.ActiveCfg = Release|ARM64
		{9B9CBBB4-E317-4928-B691-B95806FE8313}.Release|ARM64.Build.0 = Release|ARM64
		{9B9CBBB4-E317-4928-B691-B95806FE8313}.Release|ARM64.Deploy.0 = Release|ARM64
		{9B9CBBB4-E317-4928-B691-B95806FE8313}.Release|x64.ActiveCfg = Release|x64
		{9B9CBBB4-E317-4928-B691-B95806FE8313}.Release|x64.Build.0 = Release|x64
		{9B9CBBB4-E317-4928-B691-B95806FE8313}.Release|x64.Deploy.0 = Release|x64
		{9B9CBBB4-E317-4928-B691-B95806FE8313}.Release|x86.ActiveCfg = Release|x64
		{9B9CBBB4-E317-4928-B691-B95806FE8313}.Release|x86.Build.0 = Release|x64
		{9B9CBBB4-E317-4928-B691-B95806FE8313}.Release|x86.Deploy.0 = Release|x64
		{54CA4F3C-8D45-43F2-912A-873BBC04A879}.Debug|ARM.ActiveCfg = Debug|x64
		{54CA4F3C-8D45-43F2-912A-873BBC04A879}.Debug|ARM.Build.0 = Debug|x64
		{54CA4F3C-8D45-43F2-912A-873BBC04A879}.Debug|ARM64.ActiveCfg = Debug|x64
		{54CA4F3C-8D45-43F2-912A-873BBC04A879}.Debug|ARM64.Build.0 = Debug|x64
		{54CA4F3C-8D45-43F2-912A-873BBC04A879}.Debug|x64.ActiveCfg = Debug|x64
		{54CA4F3C-8D45-43F2-912A-873BBC04A879}.Debug|x64.Build.0 = Debug|x64
		{54CA4F3C-8D45-43F2-912A-873BBC04A879}.Debug|x86.ActiveCfg = Debug|Win32
		{54CA4F3C-8D45-43F2-912A-873BBC04A879}.Debug|x86.Build.0 = Debug|Win32
		{54CA4F3C-8D45-43F2-912A-873BBC04A879}.Release|ARM.ActiveCfg = Release|x64
		{54CA4F3C-8D45-43F2-912A-873BBC04A879}.Release|ARM.Build.0 = Release|x64
		{54CA4F3C-8D45-43F2-912A-873BBC04A879}.Release|ARM64.ActiveCfg = Release|x64
		{54CA4F3C-8D45-43F2-912A-873BBC04A879}.Release|ARM64.Build.0 = Release|x64
		{54CA4F3C-8D45-43F2-912A-873BBC04A879}.Release|x64.ActiveCfg = Release|x64
		{54CA4F3C-8D45-43F2-912A-873BBC04A879}.Release|x64.Build.0 = Release|x64
		{54CA4F3C-8D45-43F2-912A-873BBC04A879}.Release|x86.ActiveCfg = Release|Win32
		{54CA4F3C-8D45-43F2-912A-873BBC04A879}.Release|x86.Build.0 = Release|Win32
	EndGlobalSection
	GlobalSection(SolutionProperties) = preSolution
		HideSolutionNode = FALSE
	EndGlobalSection
	GlobalSection(ExtensibilityGlobals) = postSolution
		SolutionGuid = {DEBD77AB-CCC5-4B17-A183-1B0DC2F25146}
	EndGlobalSection
EndGlobal
